
Microsoft Visual Studio Solution File, Format Version 12.00
# Visual Studio Version 16
VisualStudioVersion = 16.0.29905.134
MinimumVisualStudioVersion = 10.0.40219.1
Project("{2150E333-8FDC-42A3-9474-1A3956D46DE8}") = "Universe", "Universe", "{62395F10-1D26-4B0C-ACB7-2A175357246B}"
EndProject
Project("{8BC9CEB8-8B4A-11D0-8D11-00A0C91BC942}") = "Universe", "Universe\Universe.vcxproj", "{92CA847E-FF92-404F-B3A6-74BE45D464F3}"
EndProject
Project("{8BC9CEB8-8B4A-11D0-8D11-00A0C91BC942}") = "Cosmos", "Cosmos\Cosmos.vcxproj", "{D7A9DC7E-0B4A-4091-9B13-4D6CA4494452}"
EndProject
Project("{FAE04EC0-301F-11D3-BF4B-00C04F79EFBC}") = "HubbleBrowser", "HubbleBrowser\HubbleBrowser.csproj", "{CFAC881E-FD36-4EE7-AEDC-38D78BA057DA}"
EndProject
Project("{8BC9CEB8-8B4A-11D0-8D11-00A0C91BC942}") = "UniversePro", "UniversePro\UniversePro.vcxproj", "{1FE0A9AB-CE78-4109-94FC-25806D373846}"
EndProject
Project("{8BC9CEB8-8B4A-11D0-8D11-00A0C91BC942}") = "CosmosPro", "CosmosPro\CosmosPro.vcxproj", "{7B3BE494-B1AE-4341-9D85-2B2399AB3103}"
EndProject
Project("{8BC9CEB8-8B4A-11D0-8D11-00A0C91BC942}") = "CosmosMini", "CosmosMini\CosmosMini.vcxproj", "{53AEE43E-1B0A-4CCE-8AEC-6E243C6322BC}"
EndProject
Project("{2150E333-8FDC-42A3-9474-1A3956D46DE8}") = "UniverseProfessional", "UniverseProfessional", "{49B9D573-27C1-4EBF-80CD-FEBC29957D03}"
EndProject
Project("{2150E333-8FDC-42A3-9474-1A3956D46DE8}") = ".Net Sample", ".Net Sample", "{8B249CD0-D8A1-47F2-8E64-2F229FE57D55}"
EndProject
Global
	GlobalSection(SolutionConfigurationPlatforms) = preSolution
		Debug|Any CPU = Debug|Any CPU
		Debug|x64 = Debug|x64
		Debug|x86 = Debug|x86
		Release|Any CPU = Release|Any CPU
		Release|x64 = Release|x64
		Release|x86 = Release|x86
	EndGlobalSection
	GlobalSection(ProjectConfigurationPlatforms) = postSolution
		{92CA847E-FF92-404F-B3A6-74BE45D464F3}.Debug|Any CPU.ActiveCfg = Debug|Win32
		{92CA847E-FF92-404F-B3A6-74BE45D464F3}.Debug|x64.ActiveCfg = Debug|x64
		{92CA847E-FF92-404F-B3A6-74BE45D464F3}.Debug|x64.Build.0 = Debug|x64
		{92CA847E-FF92-404F-B3A6-74BE45D464F3}.Debug|x86.ActiveCfg = Debug|Win32
		{92CA847E-FF92-404F-B3A6-74BE45D464F3}.Debug|x86.Build.0 = Debug|Win32
		{92CA847E-FF92-404F-B3A6-74BE45D464F3}.Release|Any CPU.ActiveCfg = Release|Win32
		{92CA847E-FF92-404F-B3A6-74BE45D464F3}.Release|x64.ActiveCfg = Release|x64
		{92CA847E-FF92-404F-B3A6-74BE45D464F3}.Release|x64.Build.0 = Release|x64
		{92CA847E-FF92-404F-B3A6-74BE45D464F3}.Release|x86.ActiveCfg = Release|Win32
		{92CA847E-FF92-404F-B3A6-74BE45D464F3}.Release|x86.Build.0 = Release|Win32
		{D7A9DC7E-0B4A-4091-9B13-4D6CA4494452}.Debug|Any CPU.ActiveCfg = Debug|Win32
		{D7A9DC7E-0B4A-4091-9B13-4D6CA4494452}.Debug|x64.ActiveCfg = Debug|x64
		{D7A9DC7E-0B4A-4091-9B13-4D6CA4494452}.Debug|x64.Build.0 = Debug|x64
		{D7A9DC7E-0B4A-4091-9B13-4D6CA4494452}.Debug|x86.ActiveCfg = Debug|Win32
		{D7A9DC7E-0B4A-4091-9B13-4D6CA4494452}.Debug|x86.Build.0 = Debug|Win32
		{D7A9DC7E-0B4A-4091-9B13-4D6CA4494452}.Release|Any CPU.ActiveCfg = Release|Win32
		{D7A9DC7E-0B4A-4091-9B13-4D6CA4494452}.Release|x64.ActiveCfg = Release|x64
		{D7A9DC7E-0B4A-4091-9B13-4D6CA4494452}.Release|x64.Build.0 = Release|x64
		{D7A9DC7E-0B4A-4091-9B13-4D6CA4494452}.Release|x86.ActiveCfg = Release|Win32
		{D7A9DC7E-0B4A-4091-9B13-4D6CA4494452}.Release|x86.Build.0 = Release|Win32
		{CFAC881E-FD36-4EE7-AEDC-38D78BA057DA}.Debug|Any CPU.ActiveCfg = Debug|Any CPU
		{CFAC881E-FD36-4EE7-AEDC-38D78BA057DA}.Debug|Any CPU.Build.0 = Debug|Any CPU
		{CFAC881E-FD36-4EE7-AEDC-38D78BA057DA}.Debug|x64.ActiveCfg = Debug|Any CPU
		{CFAC881E-FD36-4EE7-AEDC-38D78BA057DA}.Debug|x64.Build.0 = Debug|Any CPU
		{CFAC881E-FD36-4EE7-AEDC-38D78BA057DA}.Debug|x86.ActiveCfg = Debug|Any CPU
		{CFAC881E-FD36-4EE7-AEDC-38D78BA057DA}.Debug|x86.Build.0 = Debug|Any CPU
		{CFAC881E-FD36-4EE7-AEDC-38D78BA057DA}.Release|Any CPU.ActiveCfg = Release|Any CPU
		{CFAC881E-FD36-4EE7-AEDC-38D78BA057DA}.Release|Any CPU.Build.0 = Release|Any CPU
		{CFAC881E-FD36-4EE7-AEDC-38D78BA057DA}.Release|x64.ActiveCfg = Release|Any CPU
		{CFAC881E-FD36-4EE7-AEDC-38D78BA057DA}.Release|x64.Build.0 = Release|Any CPU
		{CFAC881E-FD36-4EE7-AEDC-38D78BA057DA}.Release|x86.ActiveCfg = Release|Any CPU
		{CFAC881E-FD36-4EE7-AEDC-38D78BA057DA}.Release|x86.Build.0 = Release|Any CPU
		{1FE0A9AB-CE78-4109-94FC-25806D373846}.Debug|Any CPU.ActiveCfg = Debug|Win32
		{1FE0A9AB-CE78-4109-94FC-25806D373846}.Debug|x64.ActiveCfg = Debug|x64
		{1FE0A9AB-CE78-4109-94FC-25806D373846}.Debug|x64.Build.0 = Debug|x64
		{1FE0A9AB-CE78-4109-94FC-25806D373846}.Debug|x86.ActiveCfg = Debug|Win32
		{1FE0A9AB-CE78-4109-94FC-25806D373846}.Debug|x86.Build.0 = Debug|Win32
		{1FE0A9AB-CE78-4109-94FC-25806D373846}.Release|Any CPU.ActiveCfg = Release|Win32
		{1FE0A9AB-CE78-4109-94FC-25806D373846}.Release|x64.ActiveCfg = Release|x64
		{1FE0A9AB-CE78-4109-94FC-25806D373846}.Release|x64.Build.0 = Release|x64
		{1FE0A9AB-CE78-4109-94FC-25806D373846}.Release|x86.ActiveCfg = Release|Win32
		{1FE0A9AB-CE78-4109-94FC-25806D373846}.Release|x86.Build.0 = Release|Win32
		{7B3BE494-B1AE-4341-9D85-2B2399AB3103}.Debug|Any CPU.ActiveCfg = Debug|Win32
		{7B3BE494-B1AE-4341-9D85-2B2399AB3103}.Debug|x64.ActiveCfg = Debug|x64
		{7B3BE494-B1AE-4341-9D85-2B2399AB3103}.Debug|x64.Build.0 = Debug|x64
		{7B3BE494-B1AE-4341-9D85-2B2399AB3103}.Debug|x86.ActiveCfg = Debug|Win32
		{7B3BE494-B1AE-4341-9D85-2B2399AB3103}.Debug|x86.Build.0 = Debug|Win32
		{7B3BE494-B1AE-4341-9D85-2B2399AB3103}.Release|Any CPU.ActiveCfg = Release|Win32
		{7B3BE494-B1AE-4341-9D85-2B2399AB3103}.Release|x64.ActiveCfg = Release|x64
		{7B3BE494-B1AE-4341-9D85-2B2399AB3103}.Release|x64.Build.0 = Release|x64
		{7B3BE494-B1AE-4341-9D85-2B2399AB3103}.Release|x86.ActiveCfg = Release|Win32
		{7B3BE494-B1AE-4341-9D85-2B2399AB3103}.Release|x86.Build.0 = Release|Win32
		{53AEE43E-1B0A-4CCE-8AEC-6E243C6322BC}.Debug|Any CPU.ActiveCfg = Debug|Win32
		{53AEE43E-1B0A-4CCE-8AEC-6E243C6322BC}.Debug|x64.ActiveCfg = Debug|x64
		{53AEE43E-1B0A-4CCE-8AEC-6E243C6322BC}.Debug|x64.Build.0 = Debug|x64
		{53AEE43E-1B0A-4CCE-8AEC-6E243C6322BC}.Debug|x86.ActiveCfg = Debug|Win32
		{53AEE43E-1B0A-4CCE-8AEC-6E243C6322BC}.Debug|x86.Build.0 = Debug|Win32
		{53AEE43E-1B0A-4CCE-8AEC-6E243C6322BC}.Release|Any CPU.ActiveCfg = Release|Win32
		{53AEE43E-1B0A-4CCE-8AEC-6E243C6322BC}.Release|x64.ActiveCfg = Release|x64
		{53AEE43E-1B0A-4CCE-8AEC-6E243C6322BC}.Release|x64.Build.0 = Release|x64
		{53AEE43E-1B0A-4CCE-8AEC-6E243C6322BC}.Release|x86.ActiveCfg = Release|Win32
		{53AEE43E-1B0A-4CCE-8AEC-6E243C6322BC}.Release|x86.Build.0 = Release|Win32
	EndGlobalSection
	GlobalSection(SolutionProperties) = preSolution
		HideSolutionNode = FALSE
	EndGlobalSection
	GlobalSection(NestedProjects) = preSolution
		{92CA847E-FF92-404F-B3A6-74BE45D464F3} = {62395F10-1D26-4B0C-ACB7-2A175357246B}
		{D7A9DC7E-0B4A-4091-9B13-4D6CA4494452} = {62395F10-1D26-4B0C-ACB7-2A175357246B}
		{CFAC881E-FD36-4EE7-AEDC-38D78BA057DA} = {8B249CD0-D8A1-47F2-8E64-2F229FE57D55}
		{1FE0A9AB-CE78-4109-94FC-25806D373846} = {49B9D573-27C1-4EBF-80CD-FEBC29957D03}
		{7B3BE494-B1AE-4341-9D85-2B2399AB3103} = {49B9D573-27C1-4EBF-80CD-FEBC29957D03}
		{53AEE43E-1B0A-4CCE-8AEC-6E243C6322BC} = {62395F10-1D26-4B0C-ACB7-2A175357246B}
		{49B9D573-27C1-4EBF-80CD-FEBC29957D03} = {62395F10-1D26-4B0C-ACB7-2A175357246B}
	EndGlobalSection
	GlobalSection(ExtensibilityGlobals) = postSolution
		SolutionGuid = {3445413C-995C-4A50-8FF0-CCEAAC7A46FC}
	EndGlobalSection
EndGlobal
